
Microsoft Visual Studio Solution File, Format Version 12.00
# Visual Studio 2013
VisualStudioVersion = 12.0.21005.1
MinimumVisualStudioVersion = 10.0.40219.1
Project("{FAE04EC0-301F-11D3-BF4B-00C04F79EFBC}") = "vjf.SyncTool.Business", "vjf.SyncTool.Business\vjf.SyncTool.Business.csproj", "{BD28611E-08B4-46DE-B431-C6B16FDC6103}"
EndProject
Project("{FAE04EC0-301F-11D3-BF4B-00C04F79EFBC}") = "vjf.SyncTool.UI", "vjf.SyncTool.UI\vjf.SyncTool.UI.csproj", "{BD33F212-F314-4161-B936-121B749486D1}"
EndProject
Project("{FAE04EC0-301F-11D3-BF4B-00C04F79EFBC}") = "vjf.SyncTool.BusinessTests", "vjf.SyncTool.BusinessTests\vjf.SyncTool.BusinessTests.csproj", "{1EE03AF1-AC31-4B21-80D7-8F382EEEEADE}"
EndProject
Global
	GlobalSection(SolutionConfigurationPlatforms) = preSolution
		Debug|Any CPU = Debug|Any CPU
		Release|Any CPU = Release|Any CPU
	EndGlobalSection
	GlobalSection(ProjectConfigurationPlatforms) = postSolution
		{BD28611E-08B4-46DE-B431-C6B16FDC6103}.Debug|Any CPU.ActiveCfg = Debug|Any CPU
		{BD28611E-08B4-46DE-B431-C6B16FDC6103}.Debug|Any CPU.Build.0 = Debug|Any CPU
		{BD28611E-08B4-46DE-B431-C6B16FDC6103}.Release|Any CPU.ActiveCfg = Release|Any CPU
		{BD28611E-08B4-46DE-B431-C6B16FDC6103}.Release|Any CPU.Build.0 = Release|Any CPU
		{BD33F212-F314-4161-B936-121B749486D1}.Debug|Any CPU.ActiveCfg = Debug|Any CPU
		{BD33F212-F314-4161-B936-121B749486D1}.Debug|Any CPU.Build.0 = Debug|Any CPU
		{BD33F212-F314-4161-B936-121B749486D1}.Release|Any CPU.ActiveCfg = Release|Any CPU
		{BD33F212-F314-4161-B936-121B749486D1}.Release|Any CPU.Build.0 = Release|Any CPU
		{1EE03AF1-AC31-4B21-80D7-8F382EEEEADE}.Debug|Any CPU.ActiveCfg = Debug|Any CPU
		{1EE03AF1-AC31-4B21-80D7-8F382EEEEADE}.Debug|Any CPU.Build.0 = Debug|Any CPU
		{1EE03AF1-AC31-4B21-80D7-8F382EEEEADE}.Release|Any CPU.ActiveCfg = Release|Any CPU
		{1EE03AF1-AC31-4B21-80D7-8F382EEEEADE}.Release|Any CPU.Build.0 = Release|Any CPU
	EndGlobalSection
	GlobalSection(SolutionProperties) = preSolution
		HideSolutionNode = FALSE
	EndGlobalSection
EndGlobal
